{
  "name": "clear",
  "version": "1.0.0",
  "lockfileVersion": 2,
  "requires": true,
  "packages": {
    "": {
      "name": "clear",
      "version": "1.0.0",
      "license": "ISC",
      "dependencies": {
        "is-this-palindrome": "^1.0.1"
      }
    },
    "node_modules/is-this-palindrome": {
      "version": "1.0.1",
      "resolved": "https://registry.npmjs.org/is-this-palindrome/-/is-this-palindrome-1.0.1.tgz",
      "integrity": "sha512-1bzoKABQy1+gFv6WHA4s4CGPbledxM2znAtYq5ana0V8PWmq9R2i4wHTDtLSg6rls1h6gEfLXmmnolyWj7ozZg=="
    }
  },
  "dependencies": {
    "is-this-palindrome": {
      "version": "1.0.1",
      "resolved": "https://registry.npmjs.org/is-this-palindrome/-/is-this-palindrome-1.0.1.tgz",
      "integrity": "sha512-1bzoKABQy1+gFv6WHA4s4CGPbledxM2znAtYq5ana0V8PWmq9R2i4wHTDtLSg6rls1h6gEfLXmmnolyWj7ozZg=="
    }
  }
}
